
Microsoft Visual Studio Solution File, Format Version 12.00
# Visual Studio 15
VisualStudioVersion = 15.0.28307.438
MinimumVisualStudioVersion = 10.0.40219.1
Project("{FAE04EC0-301F-11D3-BF4B-00C04F79EFBC}") = "XBF", "XBF\XBF.csproj", "{530D1738-EC76-4575-83AE-AF6D84537718}"
EndProject
Project("{FAE04EC0-301F-11D3-BF4B-00C04F79EFBC}") = "Blur", "Blur\Blur.csproj", "{2D54F7BD-B9DF-420D-8B2F-15443C95099D}"
EndProject
Global
	GlobalSection(SolutionConfigurationPlatforms) = preSolution
		Debug|Any CPU = Debug|Any CPU
		Debug|x64 = Debug|x64
		Debug|x86 = Debug|x86
		Release|Any CPU = Release|Any CPU
		Release|x64 = Release|x64
		Release|x86 = Release|x86
	EndGlobalSection
	GlobalSection(ProjectConfigurationPlatforms) = postSolution
		{530D1738-EC76-4575-83AE-AF6D84537718}.Debug|Any CPU.ActiveCfg = Debug|Any CPU
		{530D1738-EC76-4575-83AE-AF6D84537718}.Debug|Any CPU.Build.0 = Debug|Any CPU
		{530D1738-EC76-4575-83AE-AF6D84537718}.Debug|x64.ActiveCfg = Debug|Any CPU
		{530D1738-EC76-4575-83AE-AF6D84537718}.Debug|x64.Build.0 = Debug|Any CPU
		{530D1738-EC76-4575-83AE-AF6D84537718}.Debug|x86.ActiveCfg = Debug|Any CPU
		{530D1738-EC76-4575-83AE-AF6D84537718}.Debug|x86.Build.0 = Debug|Any CPU
		{530D1738-EC76-4575-83AE-AF6D84537718}.Release|Any CPU.ActiveCfg = Release|Any CPU
		{530D1738-EC76-4575-83AE-AF6D84537718}.Release|Any CPU.Build.0 = Release|Any CPU
		{530D1738-EC76-4575-83AE-AF6D84537718}.Release|x64.ActiveCfg = Release|Any CPU
		{530D1738-EC76-4575-83AE-AF6D84537718}.Release|x64.Build.0 = Release|Any CPU
		{530D1738-EC76-4575-83AE-AF6D84537718}.Release|x86.ActiveCfg = Release|Any CPU
		{530D1738-EC76-4575-83AE-AF6D84537718}.Release|x86.Build.0 = Release|Any CPU
		{2D54F7BD-B9DF-420D-8B2F-15443C95099D}.Debug|Any CPU.ActiveCfg = Debug|Any CPU
		{2D54F7BD-B9DF-420D-8B2F-15443C95099D}.Debug|Any CPU.Build.0 = Debug|Any CPU
		{2D54F7BD-B9DF-420D-8B2F-15443C95099D}.Debug|x64.ActiveCfg = Debug|Any CPU
		{2D54F7BD-B9DF-420D-8B2F-15443C95099D}.Debug|x64.Build.0 = Debug|Any CPU
		{2D54F7BD-B9DF-420D-8B2F-15443C95099D}.Debug|x86.ActiveCfg = Debug|Any CPU
		{2D54F7BD-B9DF-420D-8B2F-15443C95099D}.Debug|x86.Build.0 = Debug|Any CPU
		{2D54F7BD-B9DF-420D-8B2F-15443C95099D}.Release|Any CPU.ActiveCfg = Release|Any CPU
		{2D54F7BD-B9DF-420D-8B2F-15443C95099D}.Release|Any CPU.Build.0 = Release|Any CPU
		{2D54F7BD-B9DF-420D-8B2F-15443C95099D}.Release|x64.ActiveCfg = Release|Any CPU
		{2D54F7BD-B9DF-420D-8B2F-15443C95099D}.Release|x64.Build.0 = Release|Any CPU
		{2D54F7BD-B9DF-420D-8B2F-15443C95099D}.Release|x86.ActiveCfg = Release|Any CPU
		{2D54F7BD-B9DF-420D-8B2F-15443C95099D}.Release|x86.Build.0 = Release|Any CPU
	EndGlobalSection
	GlobalSection(SolutionProperties) = preSolution
		HideSolutionNode = FALSE
	EndGlobalSection
	GlobalSection(ExtensibilityGlobals) = postSolution
		SolutionGuid = {547F0762-8A62-41A7-8AC4-6D0A5D9E3268}
	EndGlobalSection
EndGlobal
